
Microsoft Visual Studio Solution File, Format Version 12.00
# Visual Studio 15
VisualStudioVersion = 15.0.27130.2010
MinimumVisualStudioVersion = 10.0.40219.1
Project("{FAE04EC0-301F-11D3-BF4B-00C04F79EFBC}") = "KWICSystem", "KWICSystem\KWICSystem.csproj", "{0B73D0E5-AAE2-4BD4-AE97-D9890F2C359E}"
EndProject
Global
	GlobalSection(SolutionConfigurationPlatforms) = preSolution
		Debug|Any CPU = Debug|Any CPU
		Release|Any CPU = Release|Any CPU
	EndGlobalSection
	GlobalSection(ProjectConfigurationPlatforms) = postSolution
		{0B73D0E5-AAE2-4BD4-AE97-D9890F2C359E}.Debug|Any CPU.ActiveCfg = Debug|Any CPU
		{0B73D0E5-AAE2-4BD4-AE97-D9890F2C359E}.Debug|Any CPU.Build.0 = Debug|Any CPU
		{0B73D0E5-AAE2-4BD4-AE97-D9890F2C359E}.Release|Any CPU.ActiveCfg = Release|Any CPU
		{0B73D0E5-AAE2-4BD4-AE97-D9890F2C359E}.Release|Any CPU.Build.0 = Release|Any CPU
	EndGlobalSection
	GlobalSection(SolutionProperties) = preSolution
		HideSolutionNode = FALSE
	EndGlobalSection
	GlobalSection(ExtensibilityGlobals) = postSolution
		SolutionGuid = {3533CC4D-5165-4DCB-841E-2DB1C5904BAE}
	EndGlobalSection
EndGlobal
